{
  "nodes": {
    "nixpkgs": {
      "locked": {
        "lastModified": 1790218706,
        "narHash": "sha256-6e4Na3z008XpdVyOXgfasXIn1aN+z8AXFG+jXdQSyuI=",
        "owner": "NixOS",
        "repo": "nixpkgs",
        "rev": "c508844df6c28fa6dabc1b6af70f3ccbd65c5201",
        "type": "github"
      },
      "original": {
        "owner": "NixOS",
        "ref": "nixos-26.05",
        "repo": "nixpkgs",
        "type": "github"
      }
    },
    "root": {
      "inputs": {
        "nixpkgs": "nixpkgs",
        "rust-overlay": "rust-overlay"
      }
    },
    "rust-overlay": {
      "inputs": {
        "nixpkgs": [
          "nixpkgs"
        ]
      },
      "locked": {
        "lastModified": 1791013993,
        "narHash": "sha256-BiFPwFsbFnZH5GfWbQFKYuQNg+67aNQCoRSRNTeJFQc=",
        "owner": "oxalica",
        "repo": "rust-overlay",
        "rev": "7470661ba2b51156048af08464b82020223dc942",
        "type": "github"
      },
      "original": {
        "owner": "oxalica",
        "repo": "rust-overlay",
        "type": "github"
      }
    }
  },
  "root": "root",
  "version": 7
}
